<?xml version="1.0" encoding="utf-8"?>
<Project ToolsVersion="4.0" xmlns="http://schemas.microsoft.com/developer/msbuild/2003">
  <ItemGroup>
    <Filter Include="Source">
      <UniqueIdentifier>{4FC737F1-C7A5-4376-A066-2A32D752A2FF}</UniqueIdentifier>
      <Extensions>cpp;c;cc;cxx;c++;cppm;ixx;def;odl;idl;hpj;bat;asm;asmx</Extensions>
    </Filter>
    <Filter Include="Headers">
      <UniqueIdentifier>{93995380-89BD-4b04-88EB-625FBE52EBFB}</UniqueIdentifier>
      <Extensions>h;hh;hpp;hxx;h++;hm;inl;inc;ipp;xsd</Extensions>
    </Filter>
    <Filter Include="Headers\ImGui">
      <UniqueIdentifier>{47220010-9dac-481f-9573-fbd12a786b28}</UniqueIdentifier>
    </Filter>
    <Filter Include="Resources">
      <UniqueIdentifier>{67DA6AB6-F800-4c08-8B7A-83BB121AAD01}</UniqueIdentifier>
      <Extensions>rc;ico;cur;bmp;dlg;rc2;rct;bin;rgs;gif;jpg;jpeg;jpe;resx;tiff;tif;png;wav;mfcribbon-ms</Extensions>
    </Filter>
  </ItemGroup>
  <ItemGroup>
    <ClInclude Include="pch.h">
      <Filter>Headers</Filter>
    </ClInclude>
    <ClInclude Include="UI.h">
      <Filter>Headers</Filter>
    </ClInclude>
    <ClInclude Include="ImGui\imconfig.h">
      <Filter>Headers\ImGui</Filter>
    </ClInclude>
    <ClInclude Include="ImGui\imgui.h">
      <Filter>Headers\ImGui</Filter>
    </ClInclude>
    <ClInclude Include="ImGui\imgui_impl_dx11.h">
      <Filter>Headers\ImGui</Filter>
    </ClInclude>
    <ClInclude Include="ImGui\imgui_impl_win32.h">
      <Filter>Headers\ImGui</Filter>
    </ClInclude>
    <ClInclude Include="ImGui\imgui_internal.h">
      <Filter>Headers\ImGui</Filter>
    </ClInclude>
    <ClInclude Include="ImGui\imstb_rectpack.h">
      <Filter>Headers\ImGui</Filter>
    </ClInclude>
    <ClInclude Include="ImGui\imstb_textedit.h">
      <Filter>Headers\ImGui</Filter>
    </ClInclude>
    <ClInclude Include="ImGui\imstb_truetype.h">
      <Filter>Headers\ImGui</Filter>
    </ClInclude>
    <ClInclude Include="Drawing.h">
      <Filter>Headers</Filter>
    </ClInclude>
    <ClInclude Include="Xor.h">
      <Filter>Headers</Filter>
    </ClInclude>
    <ClInclude Include="Cyrix\Memory\Memory.h">
      <Filter>Headers</Filter>
    </ClInclude>
    <ClInclude Include="Cyrix\Engine\Engine.h">
      <Filter>Headers</Filter>
    </ClInclude>
    <ClInclude Include="Cyrix\Offsets\offsets.h">
      <Filter>Headers</Filter>
    </ClInclude>
    <ClInclude Include="Cyrix\Math\Math.h">
      <Filter>Headers</Filter>
    </ClInclude>
    <ClInclude Include="Cyrix\Renderer\Renderer.h">
      <Filter>Headers</Filter>
    </ClInclude>
    <ClInclude Include="Cyrix\Aimbot\Aimbot.h">
      <Filter>Headers</Filter>
    </ClInclude>
  </ItemGroup>
  <ItemGroup>
    <ClCompile Include="main.cpp">
      <Filter>Source</Filter>
    </ClCompile>
    <ClCompile Include="ImGui\imgui.cpp">
      <Filter>Headers\ImGui</Filter>
    </ClCompile>
    <ClCompile Include="ImGui\imgui_demo.cpp">
      <Filter>Headers\ImGui</Filter>
    </ClCompile>
    <ClCompile Include="ImGui\imgui_draw.cpp">
      <Filter>Headers\ImGui</Filter>
    </ClCompile>
    <ClCompile Include="ImGui\imgui_impl_dx11.cpp">
      <Filter>Headers\ImGui</Filter>
    </ClCompile>
    <ClCompile Include="ImGui\imgui_impl_win32.cpp">
      <Filter>Headers\ImGui</Filter>
    </ClCompile>
    <ClCompile Include="ImGui\imgui_tables.cpp">
      <Filter>Headers\ImGui</Filter>
    </ClCompile>
    <ClCompile Include="ImGui\imgui_widgets.cpp">
      <Filter>Headers\ImGui</Filter>
    </ClCompile>
    <ClCompile Include="UI.cpp">
      <Filter>Source</Filter>
    </ClCompile>
    <ClCompile Include="Drawing.cpp">
      <Filter>Source</Filter>
    </ClCompile>
    <ClCompile Include="Cyrix\Memory\Memory.cpp">
      <Filter>Source</Filter>
    </ClCompile>
    <ClCompile Include="Cyrix\Math\Math.cpp">
      <Filter>Source</Filter>
    </ClCompile>
    <ClCompile Include="Cyrix\Engine\Engine.cpp">
      <Filter>Source</Filter>
    </ClCompile>
    <ClCompile Include="Cyrix\Offsets\offsets.cpp">
      <Filter>Source</Filter>
    </ClCompile>
    <ClCompile Include="Cyrix\Renderer\Renderer.cpp">
      <Filter>Source</Filter>
    </ClCompile>
    <ClCompile Include="pch.cpp">
      <Filter>Source</Filter>
    </ClCompile>
    <ClCompile Include="Cyrix\Aimbot\Aimbot.cpp">
      <Filter>Source</Filter>
    </ClCompile>
  </ItemGroup>
</Project>